
Microsoft Visual Studio Solution File, Format Version 12.00
# Visual Studio Version 17
VisualStudioVersion = 17.0.31903.59
MinimumVisualStudioVersion = 10.0.40219.1
Project("{FAE04EC0-301F-11D3-BF4B-00C04F79EFBC}") = "Csxaml.Runtime", "Csxaml.Runtime\Csxaml.Runtime.csproj", "{25971C2E-38FE-4970-93F9-5C285222CA91}"
EndProject
Project("{FAE04EC0-301F-11D3-BF4B-00C04F79EFBC}") = "Csxaml.Generator", "Csxaml.Generator\Csxaml.Generator.csproj", "{13D2CDD4-EFC3-4B29-BC28-A1D518DD3485}"
EndProject
Project("{FAE04EC0-301F-11D3-BF4B-00C04F79EFBC}") = "Csxaml.Demo", "Csxaml.Demo\Csxaml.Demo.csproj", "{CBF6BB0A-4FCC-4A72-8046-44131FABBD1D}"
EndProject
Project("{FAE04EC0-301F-11D3-BF4B-00C04F79EFBC}") = "Csxaml.Generator.Tests", "Csxaml.Generator.Tests\Csxaml.Generator.Tests.csproj", "{7E03D1B9-E0D9-4C44-9ADD-13DEB5E30261}"
EndProject
Project("{FAE04EC0-301F-11D3-BF4B-00C04F79EFBC}") = "Csxaml.Runtime.Tests", "Csxaml.Runtime.Tests\Csxaml.Runtime.Tests.csproj", "{34DDC005-FB41-42E8-8440-CC21B8B5440A}"
EndProject
Project("{FAE04EC0-301F-11D3-BF4B-00C04F79EFBC}") = "Csxaml.ControlMetadata", "Csxaml.ControlMetadata\Csxaml.ControlMetadata.csproj", "{7045AA5F-6A26-46D0-966D-EA6094E28C0E}"
EndProject
Project("{FAE04EC0-301F-11D3-BF4B-00C04F79EFBC}") = "Csxaml.ControlMetadata.Generator", "Csxaml.ControlMetadata.Generator\Csxaml.ControlMetadata.Generator.csproj", "{E779D853-58D6-4317-BB13-11F58EA7E7D4}"
EndProject
Project("{FAE04EC0-301F-11D3-BF4B-00C04F79EFBC}") = "Csxaml.ControlMetadata.Generator.Tests", "Csxaml.ControlMetadata.Generator.Tests\Csxaml.ControlMetadata.Generator.Tests.csproj", "{3527E1A2-F460-41DB-907B-4E16B8E3D6AA}"
EndProject
Project("{FAE04EC0-301F-11D3-BF4B-00C04F79EFBC}") = "Csxaml.ExternalControls", "Csxaml.ExternalControls\Csxaml.ExternalControls.csproj", "{C448295F-2EF2-4D76-A658-96969F085000}"
EndProject
Project("{FAE04EC0-301F-11D3-BF4B-00C04F79EFBC}") = "Csxaml.ProjectSystem.Components", "Csxaml.ProjectSystem.Components\Csxaml.ProjectSystem.Components.csproj", "{CC285D4D-A8ED-4262-B85B-54745C37B7BE}"
EndProject
Project("{FAE04EC0-301F-11D3-BF4B-00C04F79EFBC}") = "Csxaml.ProjectSystem.Consumer", "Csxaml.ProjectSystem.Consumer\Csxaml.ProjectSystem.Consumer.csproj", "{6D430791-ED77-4175-8642-CE9D4657028F}"
EndProject
Project("{FAE04EC0-301F-11D3-BF4B-00C04F79EFBC}") = "Csxaml.ProjectSystem.Tests", "Csxaml.ProjectSystem.Tests\Csxaml.ProjectSystem.Tests.csproj", "{F288CEAF-4751-40F0-AC24-8CAB51807F3B}"
EndProject
Project("{FAE04EC0-301F-11D3-BF4B-00C04F79EFBC}") = "Csxaml.Tooling.Core", "Csxaml.Tooling.Core\Csxaml.Tooling.Core.csproj", "{ACE92667-866A-42F9-83B4-B59827AF8514}"
EndProject
Project("{FAE04EC0-301F-11D3-BF4B-00C04F79EFBC}") = "Csxaml.Tooling.Core.Tests", "Csxaml.Tooling.Core.Tests\Csxaml.Tooling.Core.Tests.csproj", "{FB059CF8-B3AD-4AC3-A290-6C2592DD1AFE}"
EndProject
Project("{FAE04EC0-301F-11D3-BF4B-00C04F79EFBC}") = "Csxaml.VisualStudio", "Csxaml.VisualStudio\Csxaml.VisualStudio.csproj", "{FB94DB84-7F90-4E90-BB43-0D0D383C4EF0}"
EndProject
Project("{FAE04EC0-301F-11D3-BF4B-00C04F79EFBC}") = "Csxaml.LanguageServer", "Csxaml.LanguageServer\Csxaml.LanguageServer.csproj", "{67237D7C-0AC6-4ED8-892B-1E69641B1D16}"
EndProject
Project("{FAE04EC0-301F-11D3-BF4B-00C04F79EFBC}") = "Csxaml.VisualStudio.Tests", "Csxaml.VisualStudio.Tests\Csxaml.VisualStudio.Tests.csproj", "{ACD0E8C6-BD9F-457B-90A5-FF834F66F1F5}"
EndProject
Project("{FAE04EC0-301F-11D3-BF4B-00C04F79EFBC}") = "Csxaml.Testing", "Csxaml.Testing\Csxaml.Testing.csproj", "{4D9EF472-C702-4BB8-84FF-7C9137618266}"
EndProject
Global
	GlobalSection(SolutionConfigurationPlatforms) = preSolution
		Debug|Any CPU = Debug|Any CPU
		Debug|x64 = Debug|x64
		Debug|x86 = Debug|x86
		Release|Any CPU = Release|Any CPU
		Release|x64 = Release|x64
		Release|x86 = Release|x86
	EndGlobalSection
	GlobalSection(ProjectConfigurationPlatforms) = postSolution
		{25971C2E-38FE-4970-93F9-5C285222CA91}.Debug|Any CPU.ActiveCfg = Debug|Any CPU
		{25971C2E-38FE-4970-93F9-5C285222CA91}.Debug|Any CPU.Build.0 = Debug|Any CPU
		{25971C2E-38FE-4970-93F9-5C285222CA91}.Debug|x64.ActiveCfg = Debug|Any CPU
		{25971C2E-38FE-4970-93F9-5C285222CA91}.Debug|x64.Build.0 = Debug|Any CPU
		{25971C2E-38FE-4970-93F9-5C285222CA91}.Debug|x86.ActiveCfg = Debug|Any CPU
		{25971C2E-38FE-4970-93F9-5C285222CA91}.Debug|x86.Build.0 = Debug|Any CPU
		{25971C2E-38FE-4970-93F9-5C285222CA91}.Release|Any CPU.ActiveCfg = Release|Any CPU
		{25971C2E-38FE-4970-93F9-5C285222CA91}.Release|Any CPU.Build.0 = Release|Any CPU
		{25971C2E-38FE-4970-93F9-5C285222CA91}.Release|x64.ActiveCfg = Release|Any CPU
		{25971C2E-38FE-4970-93F9-5C285222CA91}.Release|x64.Build.0 = Release|Any CPU
		{25971C2E-38FE-4970-93F9-5C285222CA91}.Release|x86.ActiveCfg = Release|Any CPU
		{25971C2E-38FE-4970-93F9-5C285222CA91}.Release|x86.Build.0 = Release|Any CPU
		{13D2CDD4-EFC3-4B29-BC28-A1D518DD3485}.Debug|Any CPU.ActiveCfg = Debug|Any CPU
		{13D2CDD4-EFC3-4B29-BC28-A1D518DD3485}.Debug|Any CPU.Build.0 = Debug|Any CPU
		{13D2CDD4-EFC3-4B29-BC28-A1D518DD3485}.Debug|x64.ActiveCfg = Debug|Any CPU
		{13D2CDD4-EFC3-4B29-BC28-A1D518DD3485}.Debug|x64.Build.0 = Debug|Any CPU
		{13D2CDD4-EFC3-4B29-BC28-A1D518DD3485}.Debug|x86.ActiveCfg = Debug|Any CPU
		{13D2CDD4-EFC3-4B29-BC28-A1D518DD3485}.Debug|x86.Build.0 = Debug|Any CPU
		{13D2CDD4-EFC3-4B29-BC28-A1D518DD3485}.Release|Any CPU.ActiveCfg = Release|Any CPU
		{13D2CDD4-EFC3-4B29-BC28-A1D518DD3485}.Release|Any CPU.Build.0 = Release|Any CPU
		{13D2CDD4-EFC3-4B29-BC28-A1D518DD3485}.Release|x64.ActiveCfg = Release|Any CPU
		{13D2CDD4-EFC3-4B29-BC28-A1D518DD3485}.Release|x64.Build.0 = Release|Any CPU
		{13D2CDD4-EFC3-4B29-BC28-A1D518DD3485}.Release|x86.ActiveCfg = Release|Any CPU
		{13D2CDD4-EFC3-4B29-BC28-A1D518DD3485}.Release|x86.Build.0 = Release|Any CPU
		{CBF6BB0A-4FCC-4A72-8046-44131FABBD1D}.Debug|Any CPU.ActiveCfg = Debug|x64
		{CBF6BB0A-4FCC-4A72-8046-44131FABBD1D}.Debug|Any CPU.Build.0 = Debug|x64
		{CBF6BB0A-4FCC-4A72-8046-44131FABBD1D}.Debug|x64.ActiveCfg = Debug|x64
		{CBF6BB0A-4FCC-4A72-8046-44131FABBD1D}.Debug|x64.Build.0 = Debug|x64
		{CBF6BB0A-4FCC-4A72-8046-44131FABBD1D}.Debug|x86.ActiveCfg = Debug|x64
		{CBF6BB0A-4FCC-4A72-8046-44131FABBD1D}.Debug|x86.Build.0 = Debug|x64
		{CBF6BB0A-4FCC-4A72-8046-44131FABBD1D}.Release|Any CPU.ActiveCfg = Release|x64
		{CBF6BB0A-4FCC-4A72-8046-44131FABBD1D}.Release|Any CPU.Build.0 = Release|x64
		{CBF6BB0A-4FCC-4A72-8046-44131FABBD1D}.Release|x64.ActiveCfg = Release|x64
		{CBF6BB0A-4FCC-4A72-8046-44131FABBD1D}.Release|x64.Build.0 = Release|x64
		{CBF6BB0A-4FCC-4A72-8046-44131FABBD1D}.Release|x86.ActiveCfg = Release|x64
		{CBF6BB0A-4FCC-4A72-8046-44131FABBD1D}.Release|x86.Build.0 = Release|x64
		{7E03D1B9-E0D9-4C44-9ADD-13DEB5E30261}.Debug|Any CPU.ActiveCfg = Debug|Any CPU
		{7E03D1B9-E0D9-4C44-9ADD-13DEB5E30261}.Debug|Any CPU.Build.0 = Debug|Any CPU
		{7E03D1B9-E0D9-4C44-9ADD-13DEB5E30261}.Debug|x64.ActiveCfg = Debug|Any CPU
		{7E03D1B9-E0D9-4C44-9ADD-13DEB5E30261}.Debug|x64.Build.0 = Debug|Any CPU
		{7E03D1B9-E0D9-4C44-9ADD-13DEB5E30261}.Debug|x86.ActiveCfg = Debug|Any CPU
		{7E03D1B9-E0D9-4C44-9ADD-13DEB5E30261}.Debug|x86.Build.0 = Debug|Any CPU
		{7E03D1B9-E0D9-4C44-9ADD-13DEB5E30261}.Release|Any CPU.ActiveCfg = Release|Any CPU
		{7E03D1B9-E0D9-4C44-9ADD-13DEB5E30261}.Release|Any CPU.Build.0 = Release|Any CPU
		{7E03D1B9-E0D9-4C44-9ADD-13DEB5E30261}.Release|x64.ActiveCfg = Release|Any CPU
		{7E03D1B9-E0D9-4C44-9ADD-13DEB5E30261}.Release|x64.Build.0 = Release|Any CPU
		{7E03D1B9-E0D9-4C44-9ADD-13DEB5E30261}.Release|x86.ActiveCfg = Release|Any CPU
		{7E03D1B9-E0D9-4C44-9ADD-13DEB5E30261}.Release|x86.Build.0 = Release|Any CPU
		{34DDC005-FB41-42E8-8440-CC21B8B5440A}.Debug|Any CPU.ActiveCfg = Debug|Any CPU
		{34DDC005-FB41-42E8-8440-CC21B8B5440A}.Debug|Any CPU.Build.0 = Debug|Any CPU
		{34DDC005-FB41-42E8-8440-CC21B8B5440A}.Debug|x64.ActiveCfg = Debug|Any CPU
		{34DDC005-FB41-42E8-8440-CC21B8B5440A}.Debug|x64.Build.0 = Debug|Any CPU
		{34DDC005-FB41-42E8-8440-CC21B8B5440A}.Debug|x86.ActiveCfg = Debug|Any CPU
		{34DDC005-FB41-42E8-8440-CC21B8B5440A}.Debug|x86.Build.0 = Debug|Any CPU
		{34DDC005-FB41-42E8-8440-CC21B8B5440A}.Release|Any CPU.ActiveCfg = Release|Any CPU
		{34DDC005-FB41-42E8-8440-CC21B8B5440A}.Release|Any CPU.Build.0 = Release|Any CPU
		{34DDC005-FB41-42E8-8440-CC21B8B5440A}.Release|x64.ActiveCfg = Release|Any CPU
		{34DDC005-FB41-42E8-8440-CC21B8B5440A}.Release|x64.Build.0 = Release|Any CPU
		{34DDC005-FB41-42E8-8440-CC21B8B5440A}.Release|x86.ActiveCfg = Release|Any CPU
		{34DDC005-FB41-42E8-8440-CC21B8B5440A}.Release|x86.Build.0 = Release|Any CPU
		{7045AA5F-6A26-46D0-966D-EA6094E28C0E}.Debug|Any CPU.ActiveCfg = Debug|Any CPU
		{7045AA5F-6A26-46D0-966D-EA6094E28C0E}.Debug|Any CPU.Build.0 = Debug|Any CPU
		{7045AA5F-6A26-46D0-966D-EA6094E28C0E}.Debug|x64.ActiveCfg = Debug|Any CPU
		{7045AA5F-6A26-46D0-966D-EA6094E28C0E}.Debug|x64.Build.0 = Debug|Any CPU
		{7045AA5F-6A26-46D0-966D-EA6094E28C0E}.Debug|x86.ActiveCfg = Debug|Any CPU
		{7045AA5F-6A26-46D0-966D-EA6094E28C0E}.Debug|x86.Build.0 = Debug|Any CPU
		{7045AA5F-6A26-46D0-966D-EA6094E28C0E}.Release|Any CPU.ActiveCfg = Release|Any CPU
		{7045AA5F-6A26-46D0-966D-EA6094E28C0E}.Release|Any CPU.Build.0 = Release|Any CPU
		{7045AA5F-6A26-46D0-966D-EA6094E28C0E}.Release|x64.ActiveCfg = Release|Any CPU
		{7045AA5F-6A26-46D0-966D-EA6094E28C0E}.Release|x64.Build.0 = Release|Any CPU
		{7045AA5F-6A26-46D0-966D-EA6094E28C0E}.Release|x86.ActiveCfg = Release|Any CPU
		{7045AA5F-6A26-46D0-966D-EA6094E28C0E}.Release|x86.Build.0 = Release|Any CPU
		{E779D853-58D6-4317-BB13-11F58EA7E7D4}.Debug|Any CPU.ActiveCfg = Debug|Any CPU
		{E779D853-58D6-4317-BB13-11F58EA7E7D4}.Debug|Any CPU.Build.0 = Debug|Any CPU
		{E779D853-58D6-4317-BB13-11F58EA7E7D4}.Debug|x64.ActiveCfg = Debug|Any CPU
		{E779D853-58D6-4317-BB13-11F58EA7E7D4}.Debug|x64.Build.0 = Debug|Any CPU
		{E779D853-58D6-4317-BB13-11F58EA7E7D4}.Debug|x86.ActiveCfg = Debug|Any CPU
		{E779D853-58D6-4317-BB13-11F58EA7E7D4}.Debug|x86.Build.0 = Debug|Any CPU
		{E779D853-58D6-4317-BB13-11F58EA7E7D4}.Release|Any CPU.ActiveCfg = Release|Any CPU
		{E779D853-58D6-4317-BB13-11F58EA7E7D4}.Release|Any CPU.Build.0 = Release|Any CPU
		{E779D853-58D6-4317-BB13-11F58EA7E7D4}.Release|x64.ActiveCfg = Release|Any CPU
		{E779D853-58D6-4317-BB13-11F58EA7E7D4}.Release|x64.Build.0 = Release|Any CPU
		{E779D853-58D6-4317-BB13-11F58EA7E7D4}.Release|x86.ActiveCfg = Release|Any CPU
		{E779D853-58D6-4317-BB13-11F58EA7E7D4}.Release|x86.Build.0 = Release|Any CPU
		{3527E1A2-F460-41DB-907B-4E16B8E3D6AA}.Debug|Any CPU.ActiveCfg = Debug|Any CPU
		{3527E1A2-F460-41DB-907B-4E16B8E3D6AA}.Debug|Any CPU.Build.0 = Debug|Any CPU
		{3527E1A2-F460-41DB-907B-4E16B8E3D6AA}.Debug|x64.ActiveCfg = Debug|Any CPU
		{3527E1A2-F460-41DB-907B-4E16B8E3D6AA}.Debug|x64.Build.0 = Debug|Any CPU
		{3527E1A2-F460-41DB-907B-4E16B8E3D6AA}.Debug|x86.ActiveCfg = Debug|Any CPU
		{3527E1A2-F460-41DB-907B-4E16B8E3D6AA}.Debug|x86.Build.0 = Debug|Any CPU
		{3527E1A2-F460-41DB-907B-4E16B8E3D6AA}.Release|Any CPU.ActiveCfg = Release|Any CPU
		{3527E1A2-F460-41DB-907B-4E16B8E3D6AA}.Release|Any CPU.Build.0 = Release|Any CPU
		{3527E1A2-F460-41DB-907B-4E16B8E3D6AA}.Release|x64.ActiveCfg = Release|Any CPU
		{3527E1A2-F460-41DB-907B-4E16B8E3D6AA}.Release|x64.Build.0 = Release|Any CPU
		{3527E1A2-F460-41DB-907B-4E16B8E3D6AA}.Release|x86.ActiveCfg = Release|Any CPU
		{3527E1A2-F460-41DB-907B-4E16B8E3D6AA}.Release|x86.Build.0 = Release|Any CPU
		{C448295F-2EF2-4D76-A658-96969F085000}.Debug|Any CPU.ActiveCfg = Debug|x64
		{C448295F-2EF2-4D76-A658-96969F085000}.Debug|Any CPU.Build.0 = Debug|x64
		{C448295F-2EF2-4D76-A658-96969F085000}.Debug|x64.ActiveCfg = Debug|x64
		{C448295F-2EF2-4D76-A658-96969F085000}.Debug|x64.Build.0 = Debug|x64
		{C448295F-2EF2-4D76-A658-96969F085000}.Debug|x86.ActiveCfg = Debug|x64
		{C448295F-2EF2-4D76-A658-96969F085000}.Debug|x86.Build.0 = Debug|x64
		{C448295F-2EF2-4D76-A658-96969F085000}.Release|Any CPU.ActiveCfg = Release|x64
		{C448295F-2EF2-4D76-A658-96969F085000}.Release|Any CPU.Build.0 = Release|x64
		{C448295F-2EF2-4D76-A658-96969F085000}.Release|x64.ActiveCfg = Release|x64
		{C448295F-2EF2-4D76-A658-96969F085000}.Release|x64.Build.0 = Release|x64
		{C448295F-2EF2-4D76-A658-96969F085000}.Release|x86.ActiveCfg = Release|x64
		{C448295F-2EF2-4D76-A658-96969F085000}.Release|x86.Build.0 = Release|x64
		{CC285D4D-A8ED-4262-B85B-54745C37B7BE}.Debug|Any CPU.ActiveCfg = Debug|Any CPU
		{CC285D4D-A8ED-4262-B85B-54745C37B7BE}.Debug|Any CPU.Build.0 = Debug|Any CPU
		{CC285D4D-A8ED-4262-B85B-54745C37B7BE}.Debug|x64.ActiveCfg = Debug|Any CPU
		{CC285D4D-A8ED-4262-B85B-54745C37B7BE}.Debug|x64.Build.0 = Debug|Any CPU
		{CC285D4D-A8ED-4262-B85B-54745C37B7BE}.Debug|x86.ActiveCfg = Debug|Any CPU
		{CC285D4D-A8ED-4262-B85B-54745C37B7BE}.Debug|x86.Build.0 = Debug|Any CPU
		{CC285D4D-A8ED-4262-B85B-54745C37B7BE}.Release|Any CPU.ActiveCfg = Release|Any CPU
		{CC285D4D-A8ED-4262-B85B-54745C37B7BE}.Release|Any CPU.Build.0 = Release|Any CPU
		{CC285D4D-A8ED-4262-B85B-54745C37B7BE}.Release|x64.ActiveCfg = Release|Any CPU
		{CC285D4D-A8ED-4262-B85B-54745C37B7BE}.Release|x64.Build.0 = Release|Any CPU
		{CC285D4D-A8ED-4262-B85B-54745C37B7BE}.Release|x86.ActiveCfg = Release|Any CPU
		{CC285D4D-A8ED-4262-B85B-54745C37B7BE}.Release|x86.Build.0 = Release|Any CPU
		{6D430791-ED77-4175-8642-CE9D4657028F}.Debug|Any CPU.ActiveCfg = Debug|Any CPU
		{6D430791-ED77-4175-8642-CE9D4657028F}.Debug|Any CPU.Build.0 = Debug|Any CPU
		{6D430791-ED77-4175-8642-CE9D4657028F}.Debug|x64.ActiveCfg = Debug|Any CPU
		{6D430791-ED77-4175-8642-CE9D4657028F}.Debug|x64.Build.0 = Debug|Any CPU
		{6D430791-ED77-4175-8642-CE9D4657028F}.Debug|x86.ActiveCfg = Debug|Any CPU
		{6D430791-ED77-4175-8642-CE9D4657028F}.Debug|x86.Build.0 = Debug|Any CPU
		{6D430791-ED77-4175-8642-CE9D4657028F}.Release|Any CPU.ActiveCfg = Release|Any CPU
		{6D430791-ED77-4175-8642-CE9D4657028F}.Release|Any CPU.Build.0 = Release|Any CPU
		{6D430791-ED77-4175-8642-CE9D4657028F}.Release|x64.ActiveCfg = Release|Any CPU
		{6D430791-ED77-4175-8642-CE9D4657028F}.Release|x64.Build.0 = Release|Any CPU
		{6D430791-ED77-4175-8642-CE9D4657028F}.Release|x86.ActiveCfg = Release|Any CPU
		{6D430791-ED77-4175-8642-CE9D4657028F}.Release|x86.Build.0 = Release|Any CPU
		{F288CEAF-4751-40F0-AC24-8CAB51807F3B}.Debug|Any CPU.ActiveCfg = Debug|Any CPU
		{F288CEAF-4751-40F0-AC24-8CAB51807F3B}.Debug|Any CPU.Build.0 = Debug|Any CPU
		{F288CEAF-4751-40F0-AC24-8CAB51807F3B}.Debug|x64.ActiveCfg = Debug|Any CPU
		{F288CEAF-4751-40F0-AC24-8CAB51807F3B}.Debug|x64.Build.0 = Debug|Any CPU
		{F288CEAF-4751-40F0-AC24-8CAB51807F3B}.Debug|x86.ActiveCfg = Debug|Any CPU
		{F288CEAF-4751-40F0-AC24-8CAB51807F3B}.Debug|x86.Build.0 = Debug|Any CPU
		{F288CEAF-4751-40F0-AC24-8CAB51807F3B}.Release|Any CPU.ActiveCfg = Release|Any CPU
		{F288CEAF-4751-40F0-AC24-8CAB51807F3B}.Release|Any CPU.Build.0 = Release|Any CPU
		{F288CEAF-4751-40F0-AC24-8CAB51807F3B}.Release|x64.ActiveCfg = Release|Any CPU
		{F288CEAF-4751-40F0-AC24-8CAB51807F3B}.Release|x64.Build.0 = Release|Any CPU
		{F288CEAF-4751-40F0-AC24-8CAB51807F3B}.Release|x86.ActiveCfg = Release|Any CPU
		{F288CEAF-4751-40F0-AC24-8CAB51807F3B}.Release|x86.Build.0 = Release|Any CPU
		{ACE92667-866A-42F9-83B4-B59827AF8514}.Debug|Any CPU.ActiveCfg = Debug|Any CPU
		{ACE92667-866A-42F9-83B4-B59827AF8514}.Debug|Any CPU.Build.0 = Debug|Any CPU
		{ACE92667-866A-42F9-83B4-B59827AF8514}.Debug|x64.ActiveCfg = Debug|Any CPU
		{ACE92667-866A-42F9-83B4-B59827AF8514}.Debug|x64.Build.0 = Debug|Any CPU
		{ACE92667-866A-42F9-83B4-B59827AF8514}.Debug|x86.ActiveCfg = Debug|Any CPU
		{ACE92667-866A-42F9-83B4-B59827AF8514}.Debug|x86.Build.0 = Debug|Any CPU
		{ACE92667-866A-42F9-83B4-B59827AF8514}.Release|Any CPU.ActiveCfg = Release|Any CPU
		{ACE92667-866A-42F9-83B4-B59827AF8514}.Release|Any CPU.Build.0 = Release|Any CPU
		{ACE92667-866A-42F9-83B4-B59827AF8514}.Release|x64.ActiveCfg = Release|Any CPU
		{ACE92667-866A-42F9-83B4-B59827AF8514}.Release|x64.Build.0 = Release|Any CPU
		{ACE92667-866A-42F9-83B4-B59827AF8514}.Release|x86.ActiveCfg = Release|Any CPU
		{ACE92667-866A-42F9-83B4-B59827AF8514}.Release|x86.Build.0 = Release|Any CPU
		{FB059CF8-B3AD-4AC3-A290-6C2592DD1AFE}.Debug|Any CPU.ActiveCfg = Debug|Any CPU
		{FB059CF8-B3AD-4AC3-A290-6C2592DD1AFE}.Debug|Any CPU.Build.0 = Debug|Any CPU
		{FB059CF8-B3AD-4AC3-A290-6C2592DD1AFE}.Debug|x64.ActiveCfg = Debug|Any CPU
		{FB059CF8-B3AD-4AC3-A290-6C2592DD1AFE}.Debug|x64.Build.0 = Debug|Any CPU
		{FB059CF8-B3AD-4AC3-A290-6C2592DD1AFE}.Debug|x86.ActiveCfg = Debug|Any CPU
		{FB059CF8-B3AD-4AC3-A290-6C2592DD1AFE}.Debug|x86.Build.0 = Debug|Any CPU
		{FB059CF8-B3AD-4AC3-A290-6C2592DD1AFE}.Release|Any CPU.ActiveCfg = Release|Any CPU
		{FB059CF8-B3AD-4AC3-A290-6C2592DD1AFE}.Release|Any CPU.Build.0 = Release|Any CPU
		{FB059CF8-B3AD-4AC3-A290-6C2592DD1AFE}.Release|x64.ActiveCfg = Release|Any CPU
		{FB059CF8-B3AD-4AC3-A290-6C2592DD1AFE}.Release|x64.Build.0 = Release|Any CPU
		{FB059CF8-B3AD-4AC3-A290-6C2592DD1AFE}.Release|x86.ActiveCfg = Release|Any CPU
		{FB059CF8-B3AD-4AC3-A290-6C2592DD1AFE}.Release|x86.Build.0 = Release|Any CPU
		{FB94DB84-7F90-4E90-BB43-0D0D383C4EF0}.Debug|Any CPU.ActiveCfg = Debug|Any CPU
		{FB94DB84-7F90-4E90-BB43-0D0D383C4EF0}.Debug|Any CPU.Build.0 = Debug|Any CPU
		{FB94DB84-7F90-4E90-BB43-0D0D383C4EF0}.Debug|x64.ActiveCfg = Debug|Any CPU
		{FB94DB84-7F90-4E90-BB43-0D0D383C4EF0}.Debug|x64.Build.0 = Debug|Any CPU
		{FB94DB84-7F90-4E90-BB43-0D0D383C4EF0}.Debug|x86.ActiveCfg = Debug|Any CPU
		{FB94DB84-7F90-4E90-BB43-0D0D383C4EF0}.Debug|x86.Build.0 = Debug|Any CPU
		{FB94DB84-7F90-4E90-BB43-0D0D383C4EF0}.Release|Any CPU.ActiveCfg = Release|Any CPU
		{FB94DB84-7F90-4E90-BB43-0D0D383C4EF0}.Release|Any CPU.Build.0 = Release|Any CPU
		{FB94DB84-7F90-4E90-BB43-0D0D383C4EF0}.Release|x64.ActiveCfg = Release|Any CPU
		{FB94DB84-7F90-4E90-BB43-0D0D383C4EF0}.Release|x64.Build.0 = Release|Any CPU
		{FB94DB84-7F90-4E90-BB43-0D0D383C4EF0}.Release|x86.ActiveCfg = Release|Any CPU
		{FB94DB84-7F90-4E90-BB43-0D0D383C4EF0}.Release|x86.Build.0 = Release|Any CPU
		{67237D7C-0AC6-4ED8-892B-1E69641B1D16}.Debug|Any CPU.ActiveCfg = Debug|Any CPU
		{67237D7C-0AC6-4ED8-892B-1E69641B1D16}.Debug|Any CPU.Build.0 = Debug|Any CPU
		{67237D7C-0AC6-4ED8-892B-1E69641B1D16}.Debug|x64.ActiveCfg = Debug|Any CPU
		{67237D7C-0AC6-4ED8-892B-1E69641B1D16}.Debug|x64.Build.0 = Debug|Any CPU
		{67237D7C-0AC6-4ED8-892B-1E69641B1D16}.Debug|x86.ActiveCfg = Debug|Any CPU
		{67237D7C-0AC6-4ED8-892B-1E69641B1D16}.Debug|x86.Build.0 = Debug|Any CPU
		{67237D7C-0AC6-4ED8-892B-1E69641B1D16}.Release|Any CPU.ActiveCfg = Release|Any CPU
		{67237D7C-0AC6-4ED8-892B-1E69641B1D16}.Release|Any CPU.Build.0 = Release|Any CPU
		{67237D7C-0AC6-4ED8-892B-1E69641B1D16}.Release|x64.ActiveCfg = Release|Any CPU
		{67237D7C-0AC6-4ED8-892B-1E69641B1D16}.Release|x64.Build.0 = Release|Any CPU
		{67237D7C-0AC6-4ED8-892B-1E69641B1D16}.Release|x86.ActiveCfg = Release|Any CPU
		{67237D7C-0AC6-4ED8-892B-1E69641B1D16}.Release|x86.Build.0 = Release|Any CPU
		{ACD0E8C6-BD9F-457B-90A5-FF834F66F1F5}.Debug|Any CPU.ActiveCfg = Debug|Any CPU
		{ACD0E8C6-BD9F-457B-90A5-FF834F66F1F5}.Debug|Any CPU.Build.0 = Debug|Any CPU
		{ACD0E8C6-BD9F-457B-90A5-FF834F66F1F5}.Debug|x64.ActiveCfg = Debug|Any CPU
		{ACD0E8C6-BD9F-457B-90A5-FF834F66F1F5}.Debug|x64.Build.0 = Debug|Any CPU
		{ACD0E8C6-BD9F-457B-90A5-FF834F66F1F5}.Debug|x86.ActiveCfg = Debug|Any CPU
		{ACD0E8C6-BD9F-457B-90A5-FF834F66F1F5}.Debug|x86.Build.0 = Debug|Any CPU
		{ACD0E8C6-BD9F-457B-90A5-FF834F66F1F5}.Release|Any CPU.ActiveCfg = Release|Any CPU
		{ACD0E8C6-BD9F-457B-90A5-FF834F66F1F5}.Release|Any CPU.Build.0 = Release|Any CPU
		{ACD0E8C6-BD9F-457B-90A5-FF834F66F1F5}.Release|x64.ActiveCfg = Release|Any CPU
		{ACD0E8C6-BD9F-457B-90A5-FF834F66F1F5}.Release|x64.Build.0 = Release|Any CPU
		{ACD0E8C6-BD9F-457B-90A5-FF834F66F1F5}.Release|x86.ActiveCfg = Release|Any CPU
		{ACD0E8C6-BD9F-457B-90A5-FF834F66F1F5}.Release|x86.Build.0 = Release|Any CPU
		{4D9EF472-C702-4BB8-84FF-7C9137618266}.Debug|Any CPU.ActiveCfg = Debug|Any CPU
		{4D9EF472-C702-4BB8-84FF-7C9137618266}.Debug|Any CPU.Build.0 = Debug|Any CPU
		{4D9EF472-C702-4BB8-84FF-7C9137618266}.Debug|x64.ActiveCfg = Debug|Any CPU
		{4D9EF472-C702-4BB8-84FF-7C9137618266}.Debug|x64.Build.0 = Debug|Any CPU
		{4D9EF472-C702-4BB8-84FF-7C9137618266}.Debug|x86.ActiveCfg = Debug|Any CPU
		{4D9EF472-C702-4BB8-84FF-7C9137618266}.Debug|x86.Build.0 = Debug|Any CPU
		{4D9EF472-C702-4BB8-84FF-7C9137618266}.Release|Any CPU.ActiveCfg = Release|Any CPU
		{4D9EF472-C702-4BB8-84FF-7C9137618266}.Release|Any CPU.Build.0 = Release|Any CPU
		{4D9EF472-C702-4BB8-84FF-7C9137618266}.Release|x64.ActiveCfg = Release|Any CPU
		{4D9EF472-C702-4BB8-84FF-7C9137618266}.Release|x64.Build.0 = Release|Any CPU
		{4D9EF472-C702-4BB8-84FF-7C9137618266}.Release|x86.ActiveCfg = Release|Any CPU
		{4D9EF472-C702-4BB8-84FF-7C9137618266}.Release|x86.Build.0 = Release|Any CPU
	EndGlobalSection
	GlobalSection(SolutionProperties) = preSolution
		HideSolutionNode = FALSE
	EndGlobalSection
EndGlobal
