
Microsoft Visual Studio Solution File, Format Version 12.00
# Visual Studio Version 17
VisualStudioVersion = 17.0.31903.59
MinimumVisualStudioVersion = 10.0.40219.1
Project("{FAE04EC0-301F-11D3-BF4B-00C04F79EFBC}") = "Csxaml.Runtime", "Csxaml.Runtime\Csxaml.Runtime.csproj", "{25971C2E-38FE-4970-93F9-5C285222CA91}"
EndProject
Project("{FAE04EC0-301F-11D3-BF4B-00C04F79EFBC}") = "Csxaml.Generator", "Csxaml.Generator\Csxaml.Generator.csproj", "{13D2CDD4-EFC3-4B29-BC28-A1D518DD3485}"
EndProject
Project("{FAE04EC0-301F-11D3-BF4B-00C04F79EFBC}") = "Csxaml.Generator.Tests", "Csxaml.Generator.Tests\Csxaml.Generator.Tests.csproj", "{7E03D1B9-E0D9-4C44-9ADD-13DEB5E30261}"
EndProject
Project("{FAE04EC0-301F-11D3-BF4B-00C04F79EFBC}") = "Csxaml.Runtime.Tests", "Csxaml.Runtime.Tests\Csxaml.Runtime.Tests.csproj", "{34DDC005-FB41-42E8-8440-CC21B8B5440A}"
EndProject
Project("{FAE04EC0-301F-11D3-BF4B-00C04F79EFBC}") = "Csxaml.ControlMetadata", "Csxaml.ControlMetadata\Csxaml.ControlMetadata.csproj", "{7045AA5F-6A26-46D0-966D-EA6094E28C0E}"
EndProject
Project("{FAE04EC0-301F-11D3-BF4B-00C04F79EFBC}") = "Csxaml.ControlMetadata.Generator", "Csxaml.ControlMetadata.Generator\Csxaml.ControlMetadata.Generator.csproj", "{E779D853-58D6-4317-BB13-11F58EA7E7D4}"
EndProject
Project("{FAE04EC0-301F-11D3-BF4B-00C04F79EFBC}") = "Csxaml.ControlMetadata.Generator.Tests", "Csxaml.ControlMetadata.Generator.Tests\Csxaml.ControlMetadata.Generator.Tests.csproj", "{3527E1A2-F460-41DB-907B-4E16B8E3D6AA}"
EndProject
Project("{FAE04EC0-301F-11D3-BF4B-00C04F79EFBC}") = "Csxaml.ExternalControls", "Csxaml.ExternalControls\Csxaml.ExternalControls.csproj", "{C448295F-2EF2-4D76-A658-96969F085000}"
EndProject
Project("{FAE04EC0-301F-11D3-BF4B-00C04F79EFBC}") = "Csxaml.ProjectSystem.Tests", "Csxaml.ProjectSystem.Tests\Csxaml.ProjectSystem.Tests.csproj", "{F288CEAF-4751-40F0-AC24-8CAB51807F3B}"
EndProject
Project("{FAE04EC0-301F-11D3-BF4B-00C04F79EFBC}") = "Csxaml.Tooling.Core", "Csxaml.Tooling.Core\Csxaml.Tooling.Core.csproj", "{ACE92667-866A-42F9-83B4-B59827AF8514}"
EndProject
Project("{FAE04EC0-301F-11D3-BF4B-00C04F79EFBC}") = "Csxaml.Tooling.Core.Tests", "Csxaml.Tooling.Core.Tests\Csxaml.Tooling.Core.Tests.csproj", "{FB059CF8-B3AD-4AC3-A290-6C2592DD1AFE}"
EndProject
Project("{FAE04EC0-301F-11D3-BF4B-00C04F79EFBC}") = "Csxaml.VisualStudio", "Csxaml.VisualStudio\Csxaml.VisualStudio.csproj", "{FB94DB84-7F90-4E90-BB43-0D0D383C4EF0}"
EndProject
Project("{FAE04EC0-301F-11D3-BF4B-00C04F79EFBC}") = "Csxaml.LanguageServer", "Csxaml.LanguageServer\Csxaml.LanguageServer.csproj", "{67237D7C-0AC6-4ED8-892B-1E69641B1D16}"
EndProject
Project("{FAE04EC0-301F-11D3-BF4B-00C04F79EFBC}") = "Csxaml.VisualStudio.Tests", "Csxaml.VisualStudio.Tests\Csxaml.VisualStudio.Tests.csproj", "{ACD0E8C6-BD9F-457B-90A5-FF834F66F1F5}"
EndProject
Project("{FAE04EC0-301F-11D3-BF4B-00C04F79EFBC}") = "Csxaml.Testing", "Csxaml.Testing\Csxaml.Testing.csproj", "{4D9EF472-C702-4BB8-84FF-7C9137618266}"
EndProject
Project("{FAE04EC0-301F-11D3-BF4B-00C04F79EFBC}") = "Csxaml.Benchmarks", "Csxaml.Benchmarks\Csxaml.Benchmarks.csproj", "{518C4696-4BA3-4C9F-9716-CB588C5D3376}"
EndProject
Project("{FAE04EC0-301F-11D3-BF4B-00C04F79EFBC}") = "Csxaml", "Csxaml\Csxaml.csproj", "{F9C13471-57C2-4835-8E56-E3F24E514A8A}"
EndProject
Project("{2150E333-8FDC-42A3-9474-1A3956D46DE8}") = "samples", "samples", "{5D20AA90-6969-D8BD-9DCD-8634F4692FDA}"
EndProject
Project("{FAE04EC0-301F-11D3-BF4B-00C04F79EFBC}") = "Csxaml.ExistingWinUI", "samples\Csxaml.ExistingWinUI\Csxaml.ExistingWinUI.csproj", "{199C7837-5711-46BA-A3BB-5F3F5A91D69C}"
EndProject
Project("{FAE04EC0-301F-11D3-BF4B-00C04F79EFBC}") = "Csxaml.HelloWorld", "samples\Csxaml.HelloWorld\Csxaml.HelloWorld.csproj", "{775D2555-0560-411E-A0E8-611B9970953A}"
EndProject
Project("{FAE04EC0-301F-11D3-BF4B-00C04F79EFBC}") = "Csxaml.TodoApp", "samples\Csxaml.TodoApp\Csxaml.TodoApp.csproj", "{D9EAEE03-A452-4BF1-9582-41EE0AD364B0}"
EndProject
Project("{FAE04EC0-301F-11D3-BF4B-00C04F79EFBC}") = "Csxaml.ProjectSystem.Components", "samples\Csxaml.ProjectSystem.Components\Csxaml.ProjectSystem.Components.csproj", "{F2BE0475-2D83-41A8-9E79-CEC8001BEA1A}"
EndProject
Project("{FAE04EC0-301F-11D3-BF4B-00C04F79EFBC}") = "Csxaml.ProjectSystem.Consumer", "samples\Csxaml.ProjectSystem.Consumer\Csxaml.ProjectSystem.Consumer.csproj", "{09E2BA00-E3FB-49AF-B7DB-DBC51C76DA4C}"
EndProject
Project("{FAE04EC0-301F-11D3-BF4B-00C04F79EFBC}") = "Csxaml.FeatureGallery", "samples\Csxaml.FeatureGallery\Csxaml.FeatureGallery.csproj", "{9D0EDAC2-4C46-4CB3-B72E-938882DFEDA2}"
EndProject
Project("{FAE04EC0-301F-11D3-BF4B-00C04F79EFBC}") = "Csxaml.FeatureGallery.UiTests", "Csxaml.FeatureGallery.UiTests\Csxaml.FeatureGallery.UiTests.csproj", "{04F8652D-D4AE-4A15-82BD-2292C81A9223}"
EndProject
Project("{FAE04EC0-301F-11D3-BF4B-00C04F79EFBC}") = "Csxaml.WheelProbe", "samples\Csxaml.WheelProbe\Csxaml.WheelProbe.csproj", "{A0FD9E95-2FE4-49F7-9CB0-6E7FA19D207D}"
EndProject
Global
	GlobalSection(SolutionConfigurationPlatforms) = preSolution
		Debug|Any CPU = Debug|Any CPU
		Debug|x64 = Debug|x64
		Debug|x86 = Debug|x86
		Release|Any CPU = Release|Any CPU
		Release|x64 = Release|x64
		Release|x86 = Release|x86
	EndGlobalSection
	GlobalSection(ProjectConfigurationPlatforms) = postSolution
		{25971C2E-38FE-4970-93F9-5C285222CA91}.Debug|Any CPU.ActiveCfg = Debug|Any CPU
		{25971C2E-38FE-4970-93F9-5C285222CA91}.Debug|Any CPU.Build.0 = Debug|Any CPU
		{25971C2E-38FE-4970-93F9-5C285222CA91}.Debug|x64.ActiveCfg = Debug|Any CPU
		{25971C2E-38FE-4970-93F9-5C285222CA91}.Debug|x64.Build.0 = Debug|Any CPU
		{25971C2E-38FE-4970-93F9-5C285222CA91}.Debug|x86.ActiveCfg = Debug|Any CPU
		{25971C2E-38FE-4970-93F9-5C285222CA91}.Debug|x86.Build.0 = Debug|Any CPU
		{25971C2E-38FE-4970-93F9-5C285222CA91}.Release|Any CPU.ActiveCfg = Release|Any CPU
		{25971C2E-38FE-4970-93F9-5C285222CA91}.Release|Any CPU.Build.0 = Release|Any CPU
		{25971C2E-38FE-4970-93F9-5C285222CA91}.Release|x64.ActiveCfg = Release|Any CPU
		{25971C2E-38FE-4970-93F9-5C285222CA91}.Release|x64.Build.0 = Release|Any CPU
		{25971C2E-38FE-4970-93F9-5C285222CA91}.Release|x86.ActiveCfg = Release|Any CPU
		{25971C2E-38FE-4970-93F9-5C285222CA91}.Release|x86.Build.0 = Release|Any CPU
		{13D2CDD4-EFC3-4B29-BC28-A1D518DD3485}.Debug|Any CPU.ActiveCfg = Debug|Any CPU
		{13D2CDD4-EFC3-4B29-BC28-A1D518DD3485}.Debug|Any CPU.Build.0 = Debug|Any CPU
		{13D2CDD4-EFC3-4B29-BC28-A1D518DD3485}.Debug|x64.ActiveCfg = Debug|Any CPU
		{13D2CDD4-EFC3-4B29-BC28-A1D518DD3485}.Debug|x64.Build.0 = Debug|Any CPU
		{13D2CDD4-EFC3-4B29-BC28-A1D518DD3485}.Debug|x86.ActiveCfg = Debug|Any CPU
		{13D2CDD4-EFC3-4B29-BC28-A1D518DD3485}.Debug|x86.Build.0 = Debug|Any CPU
		{13D2CDD4-EFC3-4B29-BC28-A1D518DD3485}.Release|Any CPU.ActiveCfg = Release|Any CPU
		{13D2CDD4-EFC3-4B29-BC28-A1D518DD3485}.Release|Any CPU.Build.0 = Release|Any CPU
		{13D2CDD4-EFC3-4B29-BC28-A1D518DD3485}.Release|x64.ActiveCfg = Release|Any CPU
		{13D2CDD4-EFC3-4B29-BC28-A1D518DD3485}.Release|x64.Build.0 = Release|Any CPU
		{13D2CDD4-EFC3-4B29-BC28-A1D518DD3485}.Release|x86.ActiveCfg = Release|Any CPU
		{13D2CDD4-EFC3-4B29-BC28-A1D518DD3485}.Release|x86.Build.0 = Release|Any CPU
		{7E03D1B9-E0D9-4C44-9ADD-13DEB5E30261}.Debug|Any CPU.ActiveCfg = Debug|Any CPU
		{7E03D1B9-E0D9-4C44-9ADD-13DEB5E30261}.Debug|Any CPU.Build.0 = Debug|Any CPU
		{7E03D1B9-E0D9-4C44-9ADD-13DEB5E30261}.Debug|x64.ActiveCfg = Debug|Any CPU
		{7E03D1B9-E0D9-4C44-9ADD-13DEB5E30261}.Debug|x64.Build.0 = Debug|Any CPU
		{7E03D1B9-E0D9-4C44-9ADD-13DEB5E30261}.Debug|x86.ActiveCfg = Debug|Any CPU
		{7E03D1B9-E0D9-4C44-9ADD-13DEB5E30261}.Debug|x86.Build.0 = Debug|Any CPU
		{7E03D1B9-E0D9-4C44-9ADD-13DEB5E30261}.Release|Any CPU.ActiveCfg = Release|Any CPU
		{7E03D1B9-E0D9-4C44-9ADD-13DEB5E30261}.Release|Any CPU.Build.0 = Release|Any CPU
		{7E03D1B9-E0D9-4C44-9ADD-13DEB5E30261}.Release|x64.ActiveCfg = Release|Any CPU
		{7E03D1B9-E0D9-4C44-9ADD-13DEB5E30261}.Release|x64.Build.0 = Release|Any CPU
		{7E03D1B9-E0D9-4C44-9ADD-13DEB5E30261}.Release|x86.ActiveCfg = Release|Any CPU
		{7E03D1B9-E0D9-4C44-9ADD-13DEB5E30261}.Release|x86.Build.0 = Release|Any CPU
		{34DDC005-FB41-42E8-8440-CC21B8B5440A}.Debug|Any CPU.ActiveCfg = Debug|Any CPU
		{34DDC005-FB41-42E8-8440-CC21B8B5440A}.Debug|Any CPU.Build.0 = Debug|Any CPU
		{34DDC005-FB41-42E8-8440-CC21B8B5440A}.Debug|x64.ActiveCfg = Debug|Any CPU
		{34DDC005-FB41-42E8-8440-CC21B8B5440A}.Debug|x64.Build.0 = Debug|Any CPU
		{34DDC005-FB41-42E8-8440-CC21B8B5440A}.Debug|x86.ActiveCfg = Debug|Any CPU
		{34DDC005-FB41-42E8-8440-CC21B8B5440A}.Debug|x86.Build.0 = Debug|Any CPU
		{34DDC005-FB41-42E8-8440-CC21B8B5440A}.Release|Any CPU.ActiveCfg = Release|Any CPU
		{34DDC005-FB41-42E8-8440-CC21B8B5440A}.Release|Any CPU.Build.0 = Release|Any CPU
		{34DDC005-FB41-42E8-8440-CC21B8B5440A}.Release|x64.ActiveCfg = Release|Any CPU
		{34DDC005-FB41-42E8-8440-CC21B8B5440A}.Release|x64.Build.0 = Release|Any CPU
		{34DDC005-FB41-42E8-8440-CC21B8B5440A}.Release|x86.ActiveCfg = Release|Any CPU
		{34DDC005-FB41-42E8-8440-CC21B8B5440A}.Release|x86.Build.0 = Release|Any CPU
		{7045AA5F-6A26-46D0-966D-EA6094E28C0E}.Debug|Any CPU.ActiveCfg = Debug|Any CPU
		{7045AA5F-6A26-46D0-966D-EA6094E28C0E}.Debug|Any CPU.Build.0 = Debug|Any CPU
		{7045AA5F-6A26-46D0-966D-EA6094E28C0E}.Debug|x64.ActiveCfg = Debug|Any CPU
		{7045AA5F-6A26-46D0-966D-EA6094E28C0E}.Debug|x64.Build.0 = Debug|Any CPU
		{7045AA5F-6A26-46D0-966D-EA6094E28C0E}.Debug|x86.ActiveCfg = Debug|Any CPU
		{7045AA5F-6A26-46D0-966D-EA6094E28C0E}.Debug|x86.Build.0 = Debug|Any CPU
		{7045AA5F-6A26-46D0-966D-EA6094E28C0E}.Release|Any CPU.ActiveCfg = Release|Any CPU
		{7045AA5F-6A26-46D0-966D-EA6094E28C0E}.Release|Any CPU.Build.0 = Release|Any CPU
		{7045AA5F-6A26-46D0-966D-EA6094E28C0E}.Release|x64.ActiveCfg = Release|Any CPU
		{7045AA5F-6A26-46D0-966D-EA6094E28C0E}.Release|x64.Build.0 = Release|Any CPU
		{7045AA5F-6A26-46D0-966D-EA6094E28C0E}.Release|x86.ActiveCfg = Release|Any CPU
		{7045AA5F-6A26-46D0-966D-EA6094E28C0E}.Release|x86.Build.0 = Release|Any CPU
		{E779D853-58D6-4317-BB13-11F58EA7E7D4}.Debug|Any CPU.ActiveCfg = Debug|Any CPU
		{E779D853-58D6-4317-BB13-11F58EA7E7D4}.Debug|Any CPU.Build.0 = Debug|Any CPU
		{E779D853-58D6-4317-BB13-11F58EA7E7D4}.Debug|x64.ActiveCfg = Debug|Any CPU
		{E779D853-58D6-4317-BB13-11F58EA7E7D4}.Debug|x64.Build.0 = Debug|Any CPU
		{E779D853-58D6-4317-BB13-11F58EA7E7D4}.Debug|x86.ActiveCfg = Debug|Any CPU
		{E779D853-58D6-4317-BB13-11F58EA7E7D4}.Debug|x86.Build.0 = Debug|Any CPU
		{E779D853-58D6-4317-BB13-11F58EA7E7D4}.Release|Any CPU.ActiveCfg = Release|Any CPU
		{E779D853-58D6-4317-BB13-11F58EA7E7D4}.Release|Any CPU.Build.0 = Release|Any CPU
		{E779D853-58D6-4317-BB13-11F58EA7E7D4}.Release|x64.ActiveCfg = Release|Any CPU
		{E779D853-58D6-4317-BB13-11F58EA7E7D4}.Release|x64.Build.0 = Release|Any CPU
		{E779D853-58D6-4317-BB13-11F58EA7E7D4}.Release|x86.ActiveCfg = Release|Any CPU
		{E779D853-58D6-4317-BB13-11F58EA7E7D4}.Release|x86.Build.0 = Release|Any CPU
		{3527E1A2-F460-41DB-907B-4E16B8E3D6AA}.Debug|Any CPU.ActiveCfg = Debug|Any CPU
		{3527E1A2-F460-41DB-907B-4E16B8E3D6AA}.Debug|Any CPU.Build.0 = Debug|Any CPU
		{3527E1A2-F460-41DB-907B-4E16B8E3D6AA}.Debug|x64.ActiveCfg = Debug|Any CPU
		{3527E1A2-F460-41DB-907B-4E16B8E3D6AA}.Debug|x64.Build.0 = Debug|Any CPU
		{3527E1A2-F460-41DB-907B-4E16B8E3D6AA}.Debug|x86.ActiveCfg = Debug|Any CPU
		{3527E1A2-F460-41DB-907B-4E16B8E3D6AA}.Debug|x86.Build.0 = Debug|Any CPU
		{3527E1A2-F460-41DB-907B-4E16B8E3D6AA}.Release|Any CPU.ActiveCfg = Release|Any CPU
		{3527E1A2-F460-41DB-907B-4E16B8E3D6AA}.Release|Any CPU.Build.0 = Release|Any CPU
		{3527E1A2-F460-41DB-907B-4E16B8E3D6AA}.Release|x64.ActiveCfg = Release|Any CPU
		{3527E1A2-F460-41DB-907B-4E16B8E3D6AA}.Release|x64.Build.0 = Release|Any CPU
		{3527E1A2-F460-41DB-907B-4E16B8E3D6AA}.Release|x86.ActiveCfg = Release|Any CPU
		{3527E1A2-F460-41DB-907B-4E16B8E3D6AA}.Release|x86.Build.0 = Release|Any CPU
		{C448295F-2EF2-4D76-A658-96969F085000}.Debug|Any CPU.ActiveCfg = Debug|x64
		{C448295F-2EF2-4D76-A658-96969F085000}.Debug|Any CPU.Build.0 = Debug|x64
		{C448295F-2EF2-4D76-A658-96969F085000}.Debug|x64.ActiveCfg = Debug|x64
		{C448295F-2EF2-4D76-A658-96969F085000}.Debug|x64.Build.0 = Debug|x64
		{C448295F-2EF2-4D76-A658-96969F085000}.Debug|x86.ActiveCfg = Debug|x64
		{C448295F-2EF2-4D76-A658-96969F085000}.Debug|x86.Build.0 = Debug|x64
		{C448295F-2EF2-4D76-A658-96969F085000}.Release|Any CPU.ActiveCfg = Release|x64
		{C448295F-2EF2-4D76-A658-96969F085000}.Release|Any CPU.Build.0 = Release|x64
		{C448295F-2EF2-4D76-A658-96969F085000}.Release|x64.ActiveCfg = Release|x64
		{C448295F-2EF2-4D76-A658-96969F085000}.Release|x64.Build.0 = Release|x64
		{C448295F-2EF2-4D76-A658-96969F085000}.Release|x86.ActiveCfg = Release|x64
		{C448295F-2EF2-4D76-A658-96969F085000}.Release|x86.Build.0 = Release|x64
		{F288CEAF-4751-40F0-AC24-8CAB51807F3B}.Debug|Any CPU.ActiveCfg = Debug|Any CPU
		{F288CEAF-4751-40F0-AC24-8CAB51807F3B}.Debug|Any CPU.Build.0 = Debug|Any CPU
		{F288CEAF-4751-40F0-AC24-8CAB51807F3B}.Debug|x64.ActiveCfg = Debug|Any CPU
		{F288CEAF-4751-40F0-AC24-8CAB51807F3B}.Debug|x64.Build.0 = Debug|Any CPU
		{F288CEAF-4751-40F0-AC24-8CAB51807F3B}.Debug|x86.ActiveCfg = Debug|Any CPU
		{F288CEAF-4751-40F0-AC24-8CAB51807F3B}.Debug|x86.Build.0 = Debug|Any CPU
		{F288CEAF-4751-40F0-AC24-8CAB51807F3B}.Release|Any CPU.ActiveCfg = Release|Any CPU
		{F288CEAF-4751-40F0-AC24-8CAB51807F3B}.Release|Any CPU.Build.0 = Release|Any CPU
		{F288CEAF-4751-40F0-AC24-8CAB51807F3B}.Release|x64.ActiveCfg = Release|Any CPU
		{F288CEAF-4751-40F0-AC24-8CAB51807F3B}.Release|x64.Build.0 = Release|Any CPU
		{F288CEAF-4751-40F0-AC24-8CAB51807F3B}.Release|x86.ActiveCfg = Release|Any CPU
		{F288CEAF-4751-40F0-AC24-8CAB51807F3B}.Release|x86.Build.0 = Release|Any CPU
		{ACE92667-866A-42F9-83B4-B59827AF8514}.Debug|Any CPU.ActiveCfg = Debug|Any CPU
		{ACE92667-866A-42F9-83B4-B59827AF8514}.Debug|Any CPU.Build.0 = Debug|Any CPU
		{ACE92667-866A-42F9-83B4-B59827AF8514}.Debug|x64.ActiveCfg = Debug|Any CPU
		{ACE92667-866A-42F9-83B4-B59827AF8514}.Debug|x64.Build.0 = Debug|Any CPU
		{ACE92667-866A-42F9-83B4-B59827AF8514}.Debug|x86.ActiveCfg = Debug|Any CPU
		{ACE92667-866A-42F9-83B4-B59827AF8514}.Debug|x86.Build.0 = Debug|Any CPU
		{ACE92667-866A-42F9-83B4-B59827AF8514}.Release|Any CPU.ActiveCfg = Release|Any CPU
		{ACE92667-866A-42F9-83B4-B59827AF8514}.Release|Any CPU.Build.0 = Release|Any CPU
		{ACE92667-866A-42F9-83B4-B59827AF8514}.Release|x64.ActiveCfg = Release|Any CPU
		{ACE92667-866A-42F9-83B4-B59827AF8514}.Release|x64.Build.0 = Release|Any CPU
		{ACE92667-866A-42F9-83B4-B59827AF8514}.Release|x86.ActiveCfg = Release|Any CPU
		{ACE92667-866A-42F9-83B4-B59827AF8514}.Release|x86.Build.0 = Release|Any CPU
		{FB059CF8-B3AD-4AC3-A290-6C2592DD1AFE}.Debug|Any CPU.ActiveCfg = Debug|Any CPU
		{FB059CF8-B3AD-4AC3-A290-6C2592DD1AFE}.Debug|Any CPU.Build.0 = Debug|Any CPU
		{FB059CF8-B3AD-4AC3-A290-6C2592DD1AFE}.Debug|x64.ActiveCfg = Debug|Any CPU
		{FB059CF8-B3AD-4AC3-A290-6C2592DD1AFE}.Debug|x64.Build.0 = Debug|Any CPU
		{FB059CF8-B3AD-4AC3-A290-6C2592DD1AFE}.Debug|x86.ActiveCfg = Debug|Any CPU
		{FB059CF8-B3AD-4AC3-A290-6C2592DD1AFE}.Debug|x86.Build.0 = Debug|Any CPU
		{FB059CF8-B3AD-4AC3-A290-6C2592DD1AFE}.Release|Any CPU.ActiveCfg = Release|Any CPU
		{FB059CF8-B3AD-4AC3-A290-6C2592DD1AFE}.Release|Any CPU.Build.0 = Release|Any CPU
		{FB059CF8-B3AD-4AC3-A290-6C2592DD1AFE}.Release|x64.ActiveCfg = Release|Any CPU
		{FB059CF8-B3AD-4AC3-A290-6C2592DD1AFE}.Release|x64.Build.0 = Release|Any CPU
		{FB059CF8-B3AD-4AC3-A290-6C2592DD1AFE}.Release|x86.ActiveCfg = Release|Any CPU
		{FB059CF8-B3AD-4AC3-A290-6C2592DD1AFE}.Release|x86.Build.0 = Release|Any CPU
		{FB94DB84-7F90-4E90-BB43-0D0D383C4EF0}.Debug|Any CPU.ActiveCfg = Debug|Any CPU
		{FB94DB84-7F90-4E90-BB43-0D0D383C4EF0}.Debug|Any CPU.Build.0 = Debug|Any CPU
		{FB94DB84-7F90-4E90-BB43-0D0D383C4EF0}.Debug|x64.ActiveCfg = Debug|Any CPU
		{FB94DB84-7F90-4E90-BB43-0D0D383C4EF0}.Debug|x64.Build.0 = Debug|Any CPU
		{FB94DB84-7F90-4E90-BB43-0D0D383C4EF0}.Debug|x86.ActiveCfg = Debug|Any CPU
		{FB94DB84-7F90-4E90-BB43-0D0D383C4EF0}.Debug|x86.Build.0 = Debug|Any CPU
		{FB94DB84-7F90-4E90-BB43-0D0D383C4EF0}.Release|Any CPU.ActiveCfg = Release|Any CPU
		{FB94DB84-7F90-4E90-BB43-0D0D383C4EF0}.Release|Any CPU.Build.0 = Release|Any CPU
		{FB94DB84-7F90-4E90-BB43-0D0D383C4EF0}.Release|x64.ActiveCfg = Release|Any CPU
		{FB94DB84-7F90-4E90-BB43-0D0D383C4EF0}.Release|x64.Build.0 = Release|Any CPU
		{FB94DB84-7F90-4E90-BB43-0D0D383C4EF0}.Release|x86.ActiveCfg = Release|Any CPU
		{FB94DB84-7F90-4E90-BB43-0D0D383C4EF0}.Release|x86.Build.0 = Release|Any CPU
		{67237D7C-0AC6-4ED8-892B-1E69641B1D16}.Debug|Any CPU.ActiveCfg = Debug|Any CPU
		{67237D7C-0AC6-4ED8-892B-1E69641B1D16}.Debug|Any CPU.Build.0 = Debug|Any CPU
		{67237D7C-0AC6-4ED8-892B-1E69641B1D16}.Debug|x64.ActiveCfg = Debug|Any CPU
		{67237D7C-0AC6-4ED8-892B-1E69641B1D16}.Debug|x64.Build.0 = Debug|Any CPU
		{67237D7C-0AC6-4ED8-892B-1E69641B1D16}.Debug|x86.ActiveCfg = Debug|Any CPU
		{67237D7C-0AC6-4ED8-892B-1E69641B1D16}.Debug|x86.Build.0 = Debug|Any CPU
		{67237D7C-0AC6-4ED8-892B-1E69641B1D16}.Release|Any CPU.ActiveCfg = Release|Any CPU
		{67237D7C-0AC6-4ED8-892B-1E69641B1D16}.Release|Any CPU.Build.0 = Release|Any CPU
		{67237D7C-0AC6-4ED8-892B-1E69641B1D16}.Release|x64.ActiveCfg = Release|Any CPU
		{67237D7C-0AC6-4ED8-892B-1E69641B1D16}.Release|x64.Build.0 = Release|Any CPU
		{67237D7C-0AC6-4ED8-892B-1E69641B1D16}.Release|x86.ActiveCfg = Release|Any CPU
		{67237D7C-0AC6-4ED8-892B-1E69641B1D16}.Release|x86.Build.0 = Release|Any CPU
		{ACD0E8C6-BD9F-457B-90A5-FF834F66F1F5}.Debug|Any CPU.ActiveCfg = Debug|Any CPU
		{ACD0E8C6-BD9F-457B-90A5-FF834F66F1F5}.Debug|Any CPU.Build.0 = Debug|Any CPU
		{ACD0E8C6-BD9F-457B-90A5-FF834F66F1F5}.Debug|x64.ActiveCfg = Debug|Any CPU
		{ACD0E8C6-BD9F-457B-90A5-FF834F66F1F5}.Debug|x64.Build.0 = Debug|Any CPU
		{ACD0E8C6-BD9F-457B-90A5-FF834F66F1F5}.Debug|x86.ActiveCfg = Debug|Any CPU
		{ACD0E8C6-BD9F-457B-90A5-FF834F66F1F5}.Debug|x86.Build.0 = Debug|Any CPU
		{ACD0E8C6-BD9F-457B-90A5-FF834F66F1F5}.Release|Any CPU.ActiveCfg = Release|Any CPU
		{ACD0E8C6-BD9F-457B-90A5-FF834F66F1F5}.Release|Any CPU.Build.0 = Release|Any CPU
		{ACD0E8C6-BD9F-457B-90A5-FF834F66F1F5}.Release|x64.ActiveCfg = Release|Any CPU
		{ACD0E8C6-BD9F-457B-90A5-FF834F66F1F5}.Release|x64.Build.0 = Release|Any CPU
		{ACD0E8C6-BD9F-457B-90A5-FF834F66F1F5}.Release|x86.ActiveCfg = Release|Any CPU
		{ACD0E8C6-BD9F-457B-90A5-FF834F66F1F5}.Release|x86.Build.0 = Release|Any CPU
		{4D9EF472-C702-4BB8-84FF-7C9137618266}.Debug|Any CPU.ActiveCfg = Debug|Any CPU
		{4D9EF472-C702-4BB8-84FF-7C9137618266}.Debug|Any CPU.Build.0 = Debug|Any CPU
		{4D9EF472-C702-4BB8-84FF-7C9137618266}.Debug|x64.ActiveCfg = Debug|Any CPU
		{4D9EF472-C702-4BB8-84FF-7C9137618266}.Debug|x64.Build.0 = Debug|Any CPU
		{4D9EF472-C702-4BB8-84FF-7C9137618266}.Debug|x86.ActiveCfg = Debug|Any CPU
		{4D9EF472-C702-4BB8-84FF-7C9137618266}.Debug|x86.Build.0 = Debug|Any CPU
		{4D9EF472-C702-4BB8-84FF-7C9137618266}.Release|Any CPU.ActiveCfg = Release|Any CPU
		{4D9EF472-C702-4BB8-84FF-7C9137618266}.Release|Any CPU.Build.0 = Release|Any CPU
		{4D9EF472-C702-4BB8-84FF-7C9137618266}.Release|x64.ActiveCfg = Release|Any CPU
		{4D9EF472-C702-4BB8-84FF-7C9137618266}.Release|x64.Build.0 = Release|Any CPU
		{4D9EF472-C702-4BB8-84FF-7C9137618266}.Release|x86.ActiveCfg = Release|Any CPU
		{4D9EF472-C702-4BB8-84FF-7C9137618266}.Release|x86.Build.0 = Release|Any CPU
		{518C4696-4BA3-4C9F-9716-CB588C5D3376}.Debug|Any CPU.ActiveCfg = Debug|Any CPU
		{518C4696-4BA3-4C9F-9716-CB588C5D3376}.Debug|Any CPU.Build.0 = Debug|Any CPU
		{518C4696-4BA3-4C9F-9716-CB588C5D3376}.Debug|x64.ActiveCfg = Debug|Any CPU
		{518C4696-4BA3-4C9F-9716-CB588C5D3376}.Debug|x64.Build.0 = Debug|Any CPU
		{518C4696-4BA3-4C9F-9716-CB588C5D3376}.Debug|x86.ActiveCfg = Debug|Any CPU
		{518C4696-4BA3-4C9F-9716-CB588C5D3376}.Debug|x86.Build.0 = Debug|Any CPU
		{518C4696-4BA3-4C9F-9716-CB588C5D3376}.Release|Any CPU.ActiveCfg = Release|Any CPU
		{518C4696-4BA3-4C9F-9716-CB588C5D3376}.Release|Any CPU.Build.0 = Release|Any CPU
		{518C4696-4BA3-4C9F-9716-CB588C5D3376}.Release|x64.ActiveCfg = Release|Any CPU
		{518C4696-4BA3-4C9F-9716-CB588C5D3376}.Release|x64.Build.0 = Release|Any CPU
		{518C4696-4BA3-4C9F-9716-CB588C5D3376}.Release|x86.ActiveCfg = Release|Any CPU
		{518C4696-4BA3-4C9F-9716-CB588C5D3376}.Release|x86.Build.0 = Release|Any CPU
		{F9C13471-57C2-4835-8E56-E3F24E514A8A}.Debug|Any CPU.ActiveCfg = Debug|Any CPU
		{F9C13471-57C2-4835-8E56-E3F24E514A8A}.Debug|Any CPU.Build.0 = Debug|Any CPU
		{F9C13471-57C2-4835-8E56-E3F24E514A8A}.Debug|x64.ActiveCfg = Debug|Any CPU
		{F9C13471-57C2-4835-8E56-E3F24E514A8A}.Debug|x64.Build.0 = Debug|Any CPU
		{F9C13471-57C2-4835-8E56-E3F24E514A8A}.Debug|x86.ActiveCfg = Debug|Any CPU
		{F9C13471-57C2-4835-8E56-E3F24E514A8A}.Debug|x86.Build.0 = Debug|Any CPU
		{F9C13471-57C2-4835-8E56-E3F24E514A8A}.Release|Any CPU.ActiveCfg = Release|Any CPU
		{F9C13471-57C2-4835-8E56-E3F24E514A8A}.Release|Any CPU.Build.0 = Release|Any CPU
		{F9C13471-57C2-4835-8E56-E3F24E514A8A}.Release|x64.ActiveCfg = Release|Any CPU
		{F9C13471-57C2-4835-8E56-E3F24E514A8A}.Release|x64.Build.0 = Release|Any CPU
		{F9C13471-57C2-4835-8E56-E3F24E514A8A}.Release|x86.ActiveCfg = Release|Any CPU
		{F9C13471-57C2-4835-8E56-E3F24E514A8A}.Release|x86.Build.0 = Release|Any CPU
		{199C7837-5711-46BA-A3BB-5F3F5A91D69C}.Debug|Any CPU.ActiveCfg = Debug|Any CPU
		{199C7837-5711-46BA-A3BB-5F3F5A91D69C}.Debug|Any CPU.Build.0 = Debug|Any CPU
		{199C7837-5711-46BA-A3BB-5F3F5A91D69C}.Debug|x64.ActiveCfg = Debug|Any CPU
		{199C7837-5711-46BA-A3BB-5F3F5A91D69C}.Debug|x64.Build.0 = Debug|Any CPU
		{199C7837-5711-46BA-A3BB-5F3F5A91D69C}.Debug|x86.ActiveCfg = Debug|Any CPU
		{199C7837-5711-46BA-A3BB-5F3F5A91D69C}.Debug|x86.Build.0 = Debug|Any CPU
		{199C7837-5711-46BA-A3BB-5F3F5A91D69C}.Release|Any CPU.ActiveCfg = Release|Any CPU
		{199C7837-5711-46BA-A3BB-5F3F5A91D69C}.Release|Any CPU.Build.0 = Release|Any CPU
		{199C7837-5711-46BA-A3BB-5F3F5A91D69C}.Release|x64.ActiveCfg = Release|Any CPU
		{199C7837-5711-46BA-A3BB-5F3F5A91D69C}.Release|x64.Build.0 = Release|Any CPU
		{199C7837-5711-46BA-A3BB-5F3F5A91D69C}.Release|x86.ActiveCfg = Release|Any CPU
		{199C7837-5711-46BA-A3BB-5F3F5A91D69C}.Release|x86.Build.0 = Release|Any CPU
		{775D2555-0560-411E-A0E8-611B9970953A}.Debug|Any CPU.ActiveCfg = Debug|Any CPU
		{775D2555-0560-411E-A0E8-611B9970953A}.Debug|Any CPU.Build.0 = Debug|Any CPU
		{775D2555-0560-411E-A0E8-611B9970953A}.Debug|x64.ActiveCfg = Debug|Any CPU
		{775D2555-0560-411E-A0E8-611B9970953A}.Debug|x64.Build.0 = Debug|Any CPU
		{775D2555-0560-411E-A0E8-611B9970953A}.Debug|x86.ActiveCfg = Debug|Any CPU
		{775D2555-0560-411E-A0E8-611B9970953A}.Debug|x86.Build.0 = Debug|Any CPU
		{775D2555-0560-411E-A0E8-611B9970953A}.Release|Any CPU.ActiveCfg = Release|Any CPU
		{775D2555-0560-411E-A0E8-611B9970953A}.Release|Any CPU.Build.0 = Release|Any CPU
		{775D2555-0560-411E-A0E8-611B9970953A}.Release|x64.ActiveCfg = Release|Any CPU
		{775D2555-0560-411E-A0E8-611B9970953A}.Release|x64.Build.0 = Release|Any CPU
		{775D2555-0560-411E-A0E8-611B9970953A}.Release|x86.ActiveCfg = Release|Any CPU
		{775D2555-0560-411E-A0E8-611B9970953A}.Release|x86.Build.0 = Release|Any CPU
		{D9EAEE03-A452-4BF1-9582-41EE0AD364B0}.Debug|Any CPU.ActiveCfg = Debug|Any CPU
		{D9EAEE03-A452-4BF1-9582-41EE0AD364B0}.Debug|Any CPU.Build.0 = Debug|Any CPU
		{D9EAEE03-A452-4BF1-9582-41EE0AD364B0}.Debug|x64.ActiveCfg = Debug|Any CPU
		{D9EAEE03-A452-4BF1-9582-41EE0AD364B0}.Debug|x64.Build.0 = Debug|Any CPU
		{D9EAEE03-A452-4BF1-9582-41EE0AD364B0}.Debug|x86.ActiveCfg = Debug|Any CPU
		{D9EAEE03-A452-4BF1-9582-41EE0AD364B0}.Debug|x86.Build.0 = Debug|Any CPU
		{D9EAEE03-A452-4BF1-9582-41EE0AD364B0}.Release|Any CPU.ActiveCfg = Release|Any CPU
		{D9EAEE03-A452-4BF1-9582-41EE0AD364B0}.Release|Any CPU.Build.0 = Release|Any CPU
		{D9EAEE03-A452-4BF1-9582-41EE0AD364B0}.Release|x64.ActiveCfg = Release|Any CPU
		{D9EAEE03-A452-4BF1-9582-41EE0AD364B0}.Release|x64.Build.0 = Release|Any CPU
		{D9EAEE03-A452-4BF1-9582-41EE0AD364B0}.Release|x86.ActiveCfg = Release|Any CPU
		{D9EAEE03-A452-4BF1-9582-41EE0AD364B0}.Release|x86.Build.0 = Release|Any CPU
		{F2BE0475-2D83-41A8-9E79-CEC8001BEA1A}.Debug|Any CPU.ActiveCfg = Debug|Any CPU
		{F2BE0475-2D83-41A8-9E79-CEC8001BEA1A}.Debug|Any CPU.Build.0 = Debug|Any CPU
		{F2BE0475-2D83-41A8-9E79-CEC8001BEA1A}.Debug|x64.ActiveCfg = Debug|Any CPU
		{F2BE0475-2D83-41A8-9E79-CEC8001BEA1A}.Debug|x64.Build.0 = Debug|Any CPU
		{F2BE0475-2D83-41A8-9E79-CEC8001BEA1A}.Debug|x86.ActiveCfg = Debug|Any CPU
		{F2BE0475-2D83-41A8-9E79-CEC8001BEA1A}.Debug|x86.Build.0 = Debug|Any CPU
		{F2BE0475-2D83-41A8-9E79-CEC8001BEA1A}.Release|Any CPU.ActiveCfg = Release|Any CPU
		{F2BE0475-2D83-41A8-9E79-CEC8001BEA1A}.Release|Any CPU.Build.0 = Release|Any CPU
		{F2BE0475-2D83-41A8-9E79-CEC8001BEA1A}.Release|x64.ActiveCfg = Release|Any CPU
		{F2BE0475-2D83-41A8-9E79-CEC8001BEA1A}.Release|x64.Build.0 = Release|Any CPU
		{F2BE0475-2D83-41A8-9E79-CEC8001BEA1A}.Release|x86.ActiveCfg = Release|Any CPU
		{F2BE0475-2D83-41A8-9E79-CEC8001BEA1A}.Release|x86.Build.0 = Release|Any CPU
		{09E2BA00-E3FB-49AF-B7DB-DBC51C76DA4C}.Debug|Any CPU.ActiveCfg = Debug|Any CPU
		{09E2BA00-E3FB-49AF-B7DB-DBC51C76DA4C}.Debug|Any CPU.Build.0 = Debug|Any CPU
		{09E2BA00-E3FB-49AF-B7DB-DBC51C76DA4C}.Debug|x64.ActiveCfg = Debug|Any CPU
		{09E2BA00-E3FB-49AF-B7DB-DBC51C76DA4C}.Debug|x64.Build.0 = Debug|Any CPU
		{09E2BA00-E3FB-49AF-B7DB-DBC51C76DA4C}.Debug|x86.ActiveCfg = Debug|Any CPU
		{09E2BA00-E3FB-49AF-B7DB-DBC51C76DA4C}.Debug|x86.Build.0 = Debug|Any CPU
		{09E2BA00-E3FB-49AF-B7DB-DBC51C76DA4C}.Release|Any CPU.ActiveCfg = Release|Any CPU
		{09E2BA00-E3FB-49AF-B7DB-DBC51C76DA4C}.Release|Any CPU.Build.0 = Release|Any CPU
		{09E2BA00-E3FB-49AF-B7DB-DBC51C76DA4C}.Release|x64.ActiveCfg = Release|Any CPU
		{09E2BA00-E3FB-49AF-B7DB-DBC51C76DA4C}.Release|x64.Build.0 = Release|Any CPU
		{09E2BA00-E3FB-49AF-B7DB-DBC51C76DA4C}.Release|x86.ActiveCfg = Release|Any CPU
		{09E2BA00-E3FB-49AF-B7DB-DBC51C76DA4C}.Release|x86.Build.0 = Release|Any CPU
		{9D0EDAC2-4C46-4CB3-B72E-938882DFEDA2}.Debug|Any CPU.ActiveCfg = Debug|Any CPU
		{9D0EDAC2-4C46-4CB3-B72E-938882DFEDA2}.Debug|Any CPU.Build.0 = Debug|Any CPU
		{9D0EDAC2-4C46-4CB3-B72E-938882DFEDA2}.Debug|x64.ActiveCfg = Debug|Any CPU
		{9D0EDAC2-4C46-4CB3-B72E-938882DFEDA2}.Debug|x64.Build.0 = Debug|Any CPU
		{9D0EDAC2-4C46-4CB3-B72E-938882DFEDA2}.Debug|x86.ActiveCfg = Debug|Any CPU
		{9D0EDAC2-4C46-4CB3-B72E-938882DFEDA2}.Debug|x86.Build.0 = Debug|Any CPU
		{9D0EDAC2-4C46-4CB3-B72E-938882DFEDA2}.Release|Any CPU.ActiveCfg = Release|Any CPU
		{9D0EDAC2-4C46-4CB3-B72E-938882DFEDA2}.Release|Any CPU.Build.0 = Release|Any CPU
		{9D0EDAC2-4C46-4CB3-B72E-938882DFEDA2}.Release|x64.ActiveCfg = Release|Any CPU
		{9D0EDAC2-4C46-4CB3-B72E-938882DFEDA2}.Release|x64.Build.0 = Release|Any CPU
		{9D0EDAC2-4C46-4CB3-B72E-938882DFEDA2}.Release|x86.ActiveCfg = Release|Any CPU
		{9D0EDAC2-4C46-4CB3-B72E-938882DFEDA2}.Release|x86.Build.0 = Release|Any CPU
		{04F8652D-D4AE-4A15-82BD-2292C81A9223}.Debug|Any CPU.ActiveCfg = Debug|Any CPU
		{04F8652D-D4AE-4A15-82BD-2292C81A9223}.Debug|Any CPU.Build.0 = Debug|Any CPU
		{04F8652D-D4AE-4A15-82BD-2292C81A9223}.Debug|x64.ActiveCfg = Debug|Any CPU
		{04F8652D-D4AE-4A15-82BD-2292C81A9223}.Debug|x64.Build.0 = Debug|Any CPU
		{04F8652D-D4AE-4A15-82BD-2292C81A9223}.Debug|x86.ActiveCfg = Debug|Any CPU
		{04F8652D-D4AE-4A15-82BD-2292C81A9223}.Debug|x86.Build.0 = Debug|Any CPU
		{04F8652D-D4AE-4A15-82BD-2292C81A9223}.Release|Any CPU.ActiveCfg = Release|Any CPU
		{04F8652D-D4AE-4A15-82BD-2292C81A9223}.Release|Any CPU.Build.0 = Release|Any CPU
		{04F8652D-D4AE-4A15-82BD-2292C81A9223}.Release|x64.ActiveCfg = Release|Any CPU
		{04F8652D-D4AE-4A15-82BD-2292C81A9223}.Release|x64.Build.0 = Release|Any CPU
		{04F8652D-D4AE-4A15-82BD-2292C81A9223}.Release|x86.ActiveCfg = Release|Any CPU
		{04F8652D-D4AE-4A15-82BD-2292C81A9223}.Release|x86.Build.0 = Release|Any CPU
		{A0FD9E95-2FE4-49F7-9CB0-6E7FA19D207D}.Debug|Any CPU.ActiveCfg = Debug|Any CPU
		{A0FD9E95-2FE4-49F7-9CB0-6E7FA19D207D}.Debug|Any CPU.Build.0 = Debug|Any CPU
		{A0FD9E95-2FE4-49F7-9CB0-6E7FA19D207D}.Debug|x64.ActiveCfg = Debug|Any CPU
		{A0FD9E95-2FE4-49F7-9CB0-6E7FA19D207D}.Debug|x64.Build.0 = Debug|Any CPU
		{A0FD9E95-2FE4-49F7-9CB0-6E7FA19D207D}.Debug|x86.ActiveCfg = Debug|Any CPU
		{A0FD9E95-2FE4-49F7-9CB0-6E7FA19D207D}.Debug|x86.Build.0 = Debug|Any CPU
		{A0FD9E95-2FE4-49F7-9CB0-6E7FA19D207D}.Release|Any CPU.ActiveCfg = Release|Any CPU
		{A0FD9E95-2FE4-49F7-9CB0-6E7FA19D207D}.Release|Any CPU.Build.0 = Release|Any CPU
		{A0FD9E95-2FE4-49F7-9CB0-6E7FA19D207D}.Release|x64.ActiveCfg = Release|Any CPU
		{A0FD9E95-2FE4-49F7-9CB0-6E7FA19D207D}.Release|x64.Build.0 = Release|Any CPU
		{A0FD9E95-2FE4-49F7-9CB0-6E7FA19D207D}.Release|x86.ActiveCfg = Release|Any CPU
		{A0FD9E95-2FE4-49F7-9CB0-6E7FA19D207D}.Release|x86.Build.0 = Release|Any CPU
	EndGlobalSection
	GlobalSection(SolutionProperties) = preSolution
		HideSolutionNode = FALSE
	EndGlobalSection
	GlobalSection(NestedProjects) = preSolution
		{199C7837-5711-46BA-A3BB-5F3F5A91D69C} = {5D20AA90-6969-D8BD-9DCD-8634F4692FDA}
		{775D2555-0560-411E-A0E8-611B9970953A} = {5D20AA90-6969-D8BD-9DCD-8634F4692FDA}
		{D9EAEE03-A452-4BF1-9582-41EE0AD364B0} = {5D20AA90-6969-D8BD-9DCD-8634F4692FDA}
		{F2BE0475-2D83-41A8-9E79-CEC8001BEA1A} = {5D20AA90-6969-D8BD-9DCD-8634F4692FDA}
		{09E2BA00-E3FB-49AF-B7DB-DBC51C76DA4C} = {5D20AA90-6969-D8BD-9DCD-8634F4692FDA}
		{9D0EDAC2-4C46-4CB3-B72E-938882DFEDA2} = {5D20AA90-6969-D8BD-9DCD-8634F4692FDA}
		{A0FD9E95-2FE4-49F7-9CB0-6E7FA19D207D} = {5D20AA90-6969-D8BD-9DCD-8634F4692FDA}
	EndGlobalSection
EndGlobal
